// !$*UTF8*$!
{
	archiveVersion = 1;
	classes = {
	};
	objectVersion = 56;
	objects = {

/* Begin PBXBuildFile section */
		25B7BD962955A2C600E8EF97 /* AppDelegate.swift in Sources */ = {isa = PBXBuildFile; fileRef = 25B7BD952955A2C600E8EF97 /* AppDelegate.swift */; };
		25B7BD982955A2C600E8EF97 /* SceneDelegate.swift in Sources */ = {isa = PBXBuildFile; fileRef = 25B7BD972955A2C600E8EF97 /* SceneDelegate.swift */; };
		25B7BD9A2955A2C600E8EF97 /* MainViewController.swift in Sources */ = {isa = PBXBuildFile; fileRef = 25B7BD992955A2C600E8EF97 /* MainViewController.swift */; };
		25B7BD9F2955A2C700E8EF97 /* Assets.xcassets in Resources */ = {isa = PBXBuildFile; fileRef = 25B7BD9E2955A2C700E8EF97 /* Assets.xcassets */; };
		25B7BDA22955A2C700E8EF97 /* LaunchScreen.storyboard in Resources */ = {isa = PBXBuildFile; fileRef = 25B7BDA02955A2C700E8EF97 /* LaunchScreen.storyboard */; };
		25B7BDAE2955B58600E8EF97 /* Constants.swift in Sources */ = {isa = PBXBuildFile; fileRef = 25B7BDAD2955B58600E8EF97 /* Constants.swift */; };
		25B7BDB12955BB0200E8EF97 /* PlayerButton.swift in Sources */ = {isa = PBXBuildFile; fileRef = 25B7BDB02955BB0200E8EF97 /* PlayerButton.swift */; };
		8D131894B847861BB0D0ADD3 /* Pods_PomidoroTimer.framework in Frameworks */ = {isa = PBXBuildFile; fileRef = 4EE6418F3A887581F40DFF14 /* Pods_PomidoroTimer.framework */; };
/* End PBXBuildFile section */

/* Begin PBXFileReference section */
		25B7BD922955A2C600E8EF97 /* PomidoroTimer.app */ = {isa = PBXFileReference; explicitFileType = wrapper.application; includeInIndex = 0; path = PomidoroTimer.app; sourceTree = BUILT_PRODUCTS_DIR; };
		25B7BD952955A2C600E8EF97 /* AppDelegate.swift */ = {isa = PBXFileReference; lastKnownFileType = sourcecode.swift; path = AppDelegate.swift; sourceTree = "<group>"; };
		25B7BD972955A2C600E8EF97 /* SceneDelegate.swift */ = {isa = PBXFileReference; lastKnownFileType = sourcecode.swift; path = SceneDelegate.swift; sourceTree = "<group>"; };
		25B7BD992955A2C600E8EF97 /* MainViewController.swift */ = {isa = PBXFileReference; lastKnownFileType = sourcecode.swift; path = MainViewController.swift; sourceTree = "<group>"; };
		25B7BD9E2955A2C700E8EF97 /* Assets.xcassets */ = {isa = PBXFileReference; lastKnownFileType = folder.assetcatalog; path = Assets.xcassets; sourceTree = "<group>"; };
		25B7BDA12955A2C700E8EF97 /* Base */ = {isa = PBXFileReference; lastKnownFileType = file.storyboard; name = Base; path = Base.lproj/LaunchScreen.storyboard; sourceTree = "<group>"; };
		25B7BDA32955A2C700E8EF97 /* Info.plist */ = {isa = PBXFileReference; lastKnownFileType = text.plist.xml; path = Info.plist; sourceTree = "<group>"; };
		25B7BDAD2955B58600E8EF97 /* Constants.swift */ = {isa = PBXFileReference; lastKnownFileType = sourcecode.swift; path = Constants.swift; sourceTree = "<group>"; };
		25B7BDB02955BB0200E8EF97 /* PlayerButton.swift */ = {isa = PBXFileReference; lastKnownFileType = sourcecode.swift; path = PlayerButton.swift; sourceTree = "<group>"; };
		4EE6418F3A887581F40DFF14 /* Pods_PomidoroTimer.framework */ = {isa = PBXFileReference; explicitFileType = wrapper.framework; includeInIndex = 0; path = Pods_PomidoroTimer.framework; sourceTree = BUILT_PRODUCTS_DIR; };
		9A3FD8FEB80DE13648001567 /* Pods-PomidoroTimer.release.xcconfig */ = {isa = PBXFileReference; includeInIndex = 1; lastKnownFileType = text.xcconfig; name = "Pods-PomidoroTimer.release.xcconfig"; path = "Target Support Files/Pods-PomidoroTimer/Pods-PomidoroTimer.release.xcconfig"; sourceTree = "<group>"; };
		B37C0B7CAB0BA6B40CA1556A /* Pods-PomidoroTimer.debug.xcconfig */ = {isa = PBXFileReference; includeInIndex = 1; lastKnownFileType = text.xcconfig; name = "Pods-PomidoroTimer.debug.xcconfig"; path = "Target Support Files/Pods-PomidoroTimer/Pods-PomidoroTimer.debug.xcconfig"; sourceTree = "<group>"; };
/* End PBXFileReference section */

/* Begin PBXFrameworksBuildPhase section */
		25B7BD8F2955A2C600E8EF97 /* Frameworks */ = {
			isa = PBXFrameworksBuildPhase;
			buildActionMask = 2147483647;
			files = (
				8D131894B847861BB0D0ADD3 /* Pods_PomidoroTimer.framework in Frameworks */,
			);
			runOnlyForDeploymentPostprocessing = 0;
		};
/* End PBXFrameworksBuildPhase section */

/* Begin PBXGroup section */
		25B7BD892955A2C600E8EF97 = {
			isa = PBXGroup;
			children = (
				25B7BD942955A2C600E8EF97 /* PomidoroTimer */,
				25B7BD932955A2C600E8EF97 /* Products */,
				7187D36558CCB68028EC8436 /* Pods */,
				7ADC332A3E36B3B7F6265FBA /* Frameworks */,
			);
			sourceTree = "<group>";
		};
		25B7BD932955A2C600E8EF97 /* Products */ = {
			isa = PBXGroup;
			children = (
				25B7BD922955A2C600E8EF97 /* PomidoroTimer.app */,
			);
			name = Products;
			sourceTree = "<group>";
		};
		25B7BD942955A2C600E8EF97 /* PomidoroTimer */ = {
			isa = PBXGroup;
			children = (
				25B7BDAA2955A3E400E8EF97 /* Sources */,
				25B7BD992955A2C600E8EF97 /* MainViewController.swift */,
				25B7BDA92955A3C600E8EF97 /* Resourses */,
				25B7BDAF2955BAEC00E8EF97 /* View */,
				25B7BDA32955A2C700E8EF97 /* Info.plist */,
				25B7BDAD2955B58600E8EF97 /* Constants.swift */,
			);
			path = PomidoroTimer;
			sourceTree = "<group>";
		};
		25B7BDA92955A3C600E8EF97 /* Resourses */ = {
			isa = PBXGroup;
			children = (
				25B7BD9E2955A2C700E8EF97 /* Assets.xcassets */,
				25B7BDA02955A2C700E8EF97 /* LaunchScreen.storyboard */,
			);
			path = Resourses;
			sourceTree = "<group>";
		};
		25B7BDAA2955A3E400E8EF97 /* Sources */ = {
			isa = PBXGroup;
			children = (
				25B7BDAB2955A3EF00E8EF97 /* App */,
			);
			path = Sources;
			sourceTree = "<group>";
		};
		25B7BDAB2955A3EF00E8EF97 /* App */ = {
			isa = PBXGroup;
			children = (
				25B7BD952955A2C600E8EF97 /* AppDelegate.swift */,
				25B7BD972955A2C600E8EF97 /* SceneDelegate.swift */,
			);
			path = App;
			sourceTree = "<group>";
		};
		25B7BDAF2955BAEC00E8EF97 /* View */ = {
			isa = PBXGroup;
			children = (
				25B7BDB02955BB0200E8EF97 /* PlayerButton.swift */,
			);
			path = View;
			sourceTree = "<group>";
		};
		7187D36558CCB68028EC8436 /* Pods */ = {
			isa = PBXGroup;
			children = (
				B37C0B7CAB0BA6B40CA1556A /* Pods-PomidoroTimer.debug.xcconfig */,
				9A3FD8FEB80DE13648001567 /* Pods-PomidoroTimer.release.xcconfig */,
			);
			path = Pods;
			sourceTree = "<group>";
		};
		7ADC332A3E36B3B7F6265FBA /* Frameworks */ = {
			isa = PBXGroup;
			children = (
				4EE6418F3A887581F40DFF14 /* Pods_PomidoroTimer.framework */,
			);
			name = Frameworks;
			sourceTree = "<group>";
		};
/* End PBXGroup section */

/* Begin PBXNativeTarget section */
		25B7BD912955A2C600E8EF97 /* PomidoroTimer */ = {
			isa = PBXNativeTarget;
			buildConfigurationList = 25B7BDA62955A2C700E8EF97 /* Build configuration list for PBXNativeTarget "PomidoroTimer" */;
			buildPhases = (
				25B7BDAC2955AFF700E8EF97 /* ShellScript */,
				A3BC3FED3E2F40821E52CD6F /* [CP] Check Pods Manifest.lock */,
				25B7BD8E2955A2C600E8EF97 /* Sources */,
				25B7BD8F2955A2C600E8EF97 /* Frameworks */,
				25B7BD902955A2C600E8EF97 /* Resources */,
				C954053B9660C4511CD41E3B /* [CP] Embed Pods Frameworks */,
			);
			buildRules = (
			);
			dependencies = (
			);
			name = PomidoroTimer;
			productName = PomidoroTimer;
			productReference = 25B7BD922955A2C600E8EF97 /* PomidoroTimer.app */;
			productType = "com.apple.product-type.application";
		};
/* End PBXNativeTarget section */

/* Begin PBXProject section */
		25B7BD8A2955A2C600E8EF97 /* Project object */ = {
			isa = PBXProject;
			attributes = {
				BuildIndependentTargetsInParallel = 1;
				LastSwiftUpdateCheck = 1410;
				LastUpgradeCheck = 1410;
				TargetAttributes = {
					25B7BD912955A2C600E8EF97 = {
						CreatedOnToolsVersion = 14.1;
					};
				};
			};
			buildConfigurationList = 25B7BD8D2955A2C600E8EF97 /* Build configuration list for PBXProject "PomidoroTimer" */;
			compatibilityVersion = "Xcode 14.0";
			developmentRegion = en;
			hasScannedForEncodings = 0;
			knownRegions = (
				en,
				Base,
			);
			mainGroup = 25B7BD892955A2C600E8EF97;
			productRefGroup = 25B7BD932955A2C600E8EF97 /* Products */;
			projectDirPath = "";
			projectRoot = "";
			targets = (
				25B7BD912955A2C600E8EF97 /* PomidoroTimer */,
			);
		};
/* End PBXProject section */

/* Begin PBXResourcesBuildPhase section */
		25B7BD902955A2C600E8EF97 /* Resources */ = {
			isa = PBXResourcesBuildPhase;
			buildActionMask = 2147483647;
			files = (
				25B7BDA22955A2C700E8EF97 /* LaunchScreen.storyboard in Resources */,
				25B7BD9F2955A2C700E8EF97 /* Assets.xcassets in Resources */,
			);
			runOnlyForDeploymentPostprocessing = 0;
		};
/* End PBXResourcesBuildPhase section */

/* Begin PBXShellScriptBuildPhase section */
		25B7BDAC2955AFF700E8EF97 /* ShellScript */ = {
			isa = PBXShellScriptBuildPhase;
			alwaysOutOfDate = 1;
			buildActionMask = 2147483647;
			files = (
			);
			inputFileListPaths = (
			);
			inputPaths = (
			);
			outputFileListPaths = (
			);
			outputPaths = (
			);
			runOnlyForDeploymentPostprocessing = 0;
			shellPath = /bin/sh;
			shellScript = "# Type a script or drag a script file from your workspace to insert its path.\n\"${PODS_ROOT}/SwiftLint/swiftlint\"\n";
		};
		A3BC3FED3E2F40821E52CD6F /* [CP] Check Pods Manifest.lock */ = {
			isa = PBXShellScriptBuildPhase;
			buildActionMask = 2147483647;
			files = (
			);
			inputFileListPaths = (
			);
			inputPaths = (
				"${PODS_PODFILE_DIR_PATH}/Podfile.lock",
				"${PODS_ROOT}/Manifest.lock",
			);
			name = "[CP] Check Pods Manifest.lock";
			outputFileListPaths = (
			);
			outputPaths = (
				"$(DERIVED_FILE_DIR)/Pods-PomidoroTimer-checkManifestLockResult.txt",
			);
			runOnlyForDeploymentPostprocessing = 0;
			shellPath = /bin/sh;
			shellScript = "diff \"${PODS_PODFILE_DIR_PATH}/Podfile.lock\" \"${PODS_ROOT}/Manifest.lock\" > /dev/null\nif [ $? != 0 ] ; then\n    # print error to STDERR\n    echo \"error: The sandbox is not in sync with the Podfile.lock. Run 'pod install' or update your CocoaPods installation.\" >&2\n    exit 1\nfi\n# This output is used by Xcode 'outputs' to avoid re-running this script phase.\necho \"SUCCESS\" > \"${SCRIPT_OUTPUT_FILE_0}\"\n";
			showEnvVarsInLog = 0;
		};
		C954053B9660C4511CD41E3B /* [CP] Embed Pods Frameworks */ = {
			isa = PBXShellScriptBuildPhase;
			buildActionMask = 2147483647;
			files = (
			);
			inputFileListPaths = (
				"${PODS_ROOT}/Target Support Files/Pods-PomidoroTimer/Pods-PomidoroTimer-frameworks-${CONFIGURATION}-input-files.xcfilelist",
			);
			name = "[CP] Embed Pods Frameworks";
			outputFileListPaths = (
				"${PODS_ROOT}/Target Support Files/Pods-PomidoroTimer/Pods-PomidoroTimer-frameworks-${CONFIGURATION}-output-files.xcfilelist",
			);
			runOnlyForDeploymentPostprocessing = 0;
			shellPath = /bin/sh;
			shellScript = "\"${PODS_ROOT}/Target Support Files/Pods-PomidoroTimer/Pods-PomidoroTimer-frameworks.sh\"\n";
			showEnvVarsInLog = 0;
		};
/* End PBXShellScriptBuildPhase section */

/* Begin PBXSourcesBuildPhase section */
		25B7BD8E2955A2C600E8EF97 /* Sources */ = {
			isa = PBXSourcesBuildPhase;
			buildActionMask = 2147483647;
			files = (
				25B7BD9A2955A2C600E8EF97 /* MainViewController.swift in Sources */,
				25B7BD962955A2C600E8EF97 /* AppDelegate.swift in Sources */,
				25B7BD982955A2C600E8EF97 /* SceneDelegate.swift in Sources */,
				25B7BDAE2955B58600E8EF97 /* Constants.swift in Sources */,
				25B7BDB12955BB0200E8EF97 /* PlayerButton.swift in Sources */,
			);
			runOnlyForDeploymentPostprocessing = 0;
		};
/* End PBXSourcesBuildPhase section */

/* Begin PBXVariantGroup section */
		25B7BDA02955A2C700E8EF97 /* LaunchScreen.storyboard */ = {
			isa = PBXVariantGroup;
			children = (
				25B7BDA12955A2C700E8EF97 /* Base */,
			);
			name = LaunchScreen.storyboard;
			sourceTree = "<group>";
		};
/* End PBXVariantGroup section */

/* Begin XCBuildConfiguration section */
		25B7BDA42955A2C700E8EF97 /* Debug */ = {
			isa = XCBuildConfiguration;
			buildSettings = {
				ALWAYS_SEARCH_USER_PATHS = NO;
				CLANG_ANALYZER_NONNULL = YES;
				CLANG_ANALYZER_NUMBER_OBJECT_CONVERSION = YES_AGGRESSIVE;
				CLANG_CXX_LANGUAGE_STANDARD = "gnu++20";
				CLANG_ENABLE_MODULES = YES;
				CLANG_ENABLE_OBJC_ARC = YES;
				CLANG_ENABLE_OBJC_WEAK = YES;
				CLANG_WARN_BLOCK_CAPTURE_AUTORELEASING = YES;
				CLANG_WARN_BOOL_CONVERSION = YES;
				CLANG_WARN_COMMA = YES;
				CLANG_WARN_CONSTANT_CONVERSION = YES;
				CLANG_WARN_DEPRECATED_OBJC_IMPLEMENTATIONS = YES;
				CLANG_WARN_DIRECT_OBJC_ISA_USAGE = YES_ERROR;
				CLANG_WARN_DOCUMENTATION_COMMENTS = YES;
				CLANG_WARN_EMPTY_BODY = YES;
				CLANG_WARN_ENUM_CONVERSION = YES;
				CLANG_WARN_INFINITE_RECURSION = YES;
				CLANG_WARN_INT_CONVERSION = YES;
				CLANG_WARN_NON_LITERAL_NULL_CONVERSION = YES;
				CLANG_WARN_OBJC_IMPLICIT_RETAIN_SELF = YES;
				CLANG_WARN_OBJC_LITERAL_CONVERSION = YES;
				CLANG_WARN_OBJC_ROOT_CLASS = YES_ERROR;
				CLANG_WARN_QUOTED_INCLUDE_IN_FRAMEWORK_HEADER = YES;
				CLANG_WARN_RANGE_LOOP_ANALYSIS = YES;
				CLANG_WARN_STRICT_PROTOTYPES = YES;
				CLANG_WARN_SUSPICIOUS_MOVE = YES;
				CLANG_WARN_UNGUARDED_AVAILABILITY = YES_AGGRESSIVE;
				CLANG_WARN_UNREACHABLE_CODE = YES;
				CLANG_WARN__DUPLICATE_METHOD_MATCH = YES;
				COPY_PHASE_STRIP = NO;
				DEBUG_INFORMATION_FORMAT = dwarf;
				ENABLE_STRICT_OBJC_MSGSEND = YES;
				ENABLE_TESTABILITY = YES;
				GCC_C_LANGUAGE_STANDARD = gnu11;
				GCC_DYNAMIC_NO_PIC = NO;
				GCC_NO_COMMON_BLOCKS = YES;
				GCC_OPTIMIZATION_LEVEL = 0;
				GCC_PREPROCESSOR_DEFINITIONS = (
					"DEBUG=1",
					"$(inherited)",
				);
				GCC_WARN_64_TO_32_BIT_CONVERSION = YES;
				GCC_WARN_ABOUT_RETURN_TYPE = YES_ERROR;
				GCC_WARN_UNDECLARED_SELECTOR = YES;
				GCC_WARN_UNINITIALIZED_AUTOS = YES_AGGRESSIVE;
				GCC_WARN_UNUSED_FUNCTION = YES;
				GCC_WARN_UNUSED_VARIABLE = YES;
				IPHONEOS_DEPLOYMENT_TARGET = 16.1;
				MTL_ENABLE_DEBUG_INFO = INCLUDE_SOURCE;
				MTL_FAST_MATH = YES;
				ONLY_ACTIVE_ARCH = YES;
				SDKROOT = iphoneos;
				SWIFT_ACTIVE_COMPILATION_CONDITIONS = DEBUG;
				SWIFT_OPTIMIZATION_LEVEL = "-Onone";
			};
			name = Debug;
		};
		25B7BDA52955A2C700E8EF97 /* Release */ = {
			isa = XCBuildConfiguration;
			buildSettings = {
				ALWAYS_SEARCH_USER_PATHS = NO;
				CLANG_ANALYZER_NONNULL = YES;
				CLANG_ANALYZER_NUMBER_OBJECT_CONVERSION = YES_AGGRESSIVE;
				CLANG_CXX_LANGUAGE_STANDARD = "gnu++20";
				CLANG_ENABLE_MODULES = YES;
				CLANG_ENABLE_OBJC_ARC = YES;
				CLANG_ENABLE_OBJC_WEAK = YES;
				CLANG_WARN_BLOCK_CAPTURE_AUTORELEASING = YES;
				CLANG_WARN_BOOL_CONVERSION = YES;
				CLANG_WARN_COMMA = YES;
				CLANG_WARN_CONSTANT_CONVERSION = YES;
				CLANG_WARN_DEPRECATED_OBJC_IMPLEMENTATIONS = YES;
				CLANG_WARN_DIRECT_OBJC_ISA_USAGE = YES_ERROR;
				CLANG_WARN_DOCUMENTATION_COMMENTS = YES;
				CLANG_WARN_EMPTY_BODY = YES;
				CLANG_WARN_ENUM_CONVERSION = YES;
				CLANG_WARN_INFINITE_RECURSION = YES;
				CLANG_WARN_INT_CONVERSION = YES;
				CLANG_WARN_NON_LITERAL_NULL_CONVERSION = YES;
				CLANG_WARN_OBJC_IMPLICIT_RETAIN_SELF = YES;
				CLANG_WARN_OBJC_LITERAL_CONVERSION = YES;
				CLANG_WARN_OBJC_ROOT_CLASS = YES_ERROR;
				CLANG_WARN_QUOTED_INCLUDE_IN_FRAMEWORK_HEADER = YES;
				CLANG_WARN_RANGE_LOOP_ANALYSIS = YES;
				CLANG_WARN_STRICT_PROTOTYPES = YES;
				CLANG_WARN_SUSPICIOUS_MOVE = YES;
				CLANG_WARN_UNGUARDED_AVAILABILITY = YES_AGGRESSIVE;
				CLANG_WARN_UNREACHABLE_CODE = YES;
				CLANG_WARN__DUPLICATE_METHOD_MATCH = YES;
				COPY_PHASE_STRIP = NO;
				DEBUG_INFORMATION_FORMAT = "dwarf-with-dsym";
				ENABLE_NS_ASSERTIONS = NO;
				ENABLE_STRICT_OBJC_MSGSEND = YES;
				GCC_C_LANGUAGE_STANDARD = gnu11;
				GCC_NO_COMMON_BLOCKS = YES;
				GCC_WARN_64_TO_32_BIT_CONVERSION = YES;
				GCC_WARN_ABOUT_RETURN_TYPE = YES_ERROR;
				GCC_WARN_UNDECLARED_SELECTOR = YES;
				GCC_WARN_UNINITIALIZED_AUTOS = YES_AGGRESSIVE;
				GCC_WARN_UNUSED_FUNCTION = YES;
				GCC_WARN_UNUSED_VARIABLE = YES;
				IPHONEOS_DEPLOYMENT_TARGET = 16.1;
				MTL_ENABLE_DEBUG_INFO = NO;
				MTL_FAST_MATH = YES;
				SDKROOT = iphoneos;
				SWIFT_COMPILATION_MODE = wholemodule;
				SWIFT_OPTIMIZATION_LEVEL = "-O";
				VALIDATE_PRODUCT = YES;
			};
			name = Release;
		};
		25B7BDA72955A2C700E8EF97 /* Debug */ = {
			isa = XCBuildConfiguration;
			baseConfigurationReference = B37C0B7CAB0BA6B40CA1556A /* Pods-PomidoroTimer.debug.xcconfig */;
			buildSettings = {
				ASSETCATALOG_COMPILER_APPICON_NAME = AppIcon;
				ASSETCATALOG_COMPILER_GLOBAL_ACCENT_COLOR_NAME = AccentColor;
				CODE_SIGN_STYLE = Automatic;
				CURRENT_PROJECT_VERSION = 1;
				DEVELOPMENT_TEAM = F5BJS4MMJH;
				GENERATE_INFOPLIST_FILE = YES;
				INFOPLIST_FILE = PomidoroTimer/Info.plist;
				INFOPLIST_KEY_UIApplicationSupportsIndirectInputEvents = YES;
				INFOPLIST_KEY_UILaunchStoryboardName = LaunchScreen;
				INFOPLIST_KEY_UISupportedInterfaceOrientations = UIInterfaceOrientationPortrait;
				INFOPLIST_KEY_UISupportedInterfaceOrientations_iPad = "UIInterfaceOrientationLandscapeLeft UIInterfaceOrientationLandscapeRight UIInterfaceOrientationPortrait UIInterfaceOrientationPortraitUpsideDown";
				IPHONEOS_DEPLOYMENT_TARGET = 14.0;
				LD_RUNPATH_SEARCH_PATHS = (
					"$(inherited)",
					"@executable_path/Frameworks",
				);
				MARKETING_VERSION = 1.0;
				PRODUCT_BUNDLE_IDENTIFIER = davidtonoyan.PomidoroTimer;
				PRODUCT_NAME = "$(TARGET_NAME)";
				SUPPORTED_PLATFORMS = "iphoneos iphonesimulator";
				SUPPORTS_MACCATALYST = NO;
				SUPPORTS_MAC_DESIGNED_FOR_IPHONE_IPAD = NO;
				SWIFT_EMIT_LOC_STRINGS = YES;
				SWIFT_VERSION = 5.0;
				TARGETED_DEVICE_FAMILY = 1;
			};
			name = Debug;
		};
		25B7BDA82955A2C700E8EF97 /* Release */ = {
			isa = XCBuildConfiguration;
			baseConfigurationReference = 9A3FD8FEB80DE13648001567 /* Pods-PomidoroTimer.release.xcconfig */;
			buildSettings = {
				ASSETCATALOG_COMPILER_APPICON_NAME = AppIcon;
				ASSETCATALOG_COMPILER_GLOBAL_ACCENT_COLOR_NAME = AccentColor;
				CODE_SIGN_STYLE = Automatic;
				CURRENT_PROJECT_VERSION = 1;
				DEVELOPMENT_TEAM = F5BJS4MMJH;
				GENERATE_INFOPLIST_FILE = YES;
				INFOPLIST_FILE = PomidoroTimer/Info.plist;
				INFOPLIST_KEY_UIApplicationSupportsIndirectInputEvents = YES;
				INFOPLIST_KEY_UILaunchStoryboardName = LaunchScreen;
				INFOPLIST_KEY_UISupportedInterfaceOrientations = UIInterfaceOrientationPortrait;
				INFOPLIST_KEY_UISupportedInterfaceOrientations_iPad = "UIInterfaceOrientationLandscapeLeft UIInterfaceOrientationLandscapeRight UIInterfaceOrientationPortrait UIInterfaceOrientationPortraitUpsideDown";
				IPHONEOS_DEPLOYMENT_TARGET = 14.0;
				LD_RUNPATH_SEARCH_PATHS = (
					"$(inherited)",
					"@executable_path/Frameworks",
				);
				MARKETING_VERSION = 1.0;
				PRODUCT_BUNDLE_IDENTIFIER = davidtonoyan.PomidoroTimer;
				PRODUCT_NAME = "$(TARGET_NAME)";
				SUPPORTED_PLATFORMS = "iphoneos iphonesimulator";
				SUPPORTS_MACCATALYST = NO;
				SUPPORTS_MAC_DESIGNED_FOR_IPHONE_IPAD = NO;
				SWIFT_EMIT_LOC_STRINGS = YES;
				SWIFT_VERSION = 5.0;
				TARGETED_DEVICE_FAMILY = 1;
			};
			name = Release;
		};
/* End XCBuildConfiguration section */

/* Begin XCConfigurationList section */
		25B7BD8D2955A2C600E8EF97 /* Build configuration list for PBXProject "PomidoroTimer" */ = {
			isa = XCConfigurationList;
			buildConfigurations = (
				25B7BDA42955A2C700E8EF97 /* Debug */,
				25B7BDA52955A2C700E8EF97 /* Release */,
			);
			defaultConfigurationIsVisible = 0;
			defaultConfigurationName = Release;
		};
		25B7BDA62955A2C700E8EF97 /* Build configuration list for PBXNativeTarget "PomidoroTimer" */ = {
			isa = XCConfigurationList;
			buildConfigurations = (
				25B7BDA72955A2C700E8EF97 /* Debug */,
				25B7BDA82955A2C700E8EF97 /* Release */,
			);
			defaultConfigurationIsVisible = 0;
			defaultConfigurationName = Release;
		};
/* End XCConfigurationList section */
	};
	rootObject = 25B7BD8A2955A2C600E8EF97 /* Project object */;
}
